
Microsoft Visual Studio Solution File, Format Version 12.00
# Visual Studio Version 16
VisualStudioVersion = 16.0.30128.74
MinimumVisualStudioVersion = 10.0.40219.1
Project("{9A19103F-16F7-4668-BE54-9A1E7A4F7556}") = "WebApi.Docker.Backend", "WebApi.Docker.Backend\WebApi.Docker.Backend.csproj", "{A25ACAF9-8F93-468A-8ECA-3EDDDC9BF08A}"
EndProject
Global
	GlobalSection(SolutionConfigurationPlatforms) = preSolution
		Debug|Any CPU = Debug|Any CPU
		Release|Any CPU = Release|Any CPU
	EndGlobalSection
	GlobalSection(ProjectConfigurationPlatforms) = postSolution
		{A25ACAF9-8F93-468A-8ECA-3EDDDC9BF08A}.Debug|Any CPU.ActiveCfg = Debug|Any CPU
		{A25ACAF9-8F93-468A-8ECA-3EDDDC9BF08A}.Debug|Any CPU.Build.0 = Debug|Any CPU
		{A25ACAF9-8F93-468A-8ECA-3EDDDC9BF08A}.Release|Any CPU.ActiveCfg = Release|Any CPU
		{A25ACAF9-8F93-468A-8ECA-3EDDDC9BF08A}.Release|Any CPU.Build.0 = Release|Any CPU
	EndGlobalSection
	GlobalSection(SolutionProperties) = preSolution
		HideSolutionNode = FALSE
	EndGlobalSection
	GlobalSection(ExtensibilityGlobals) = postSolution
		SolutionGuid = {A6A5D4FF-152E-45DB-A15E-8488FD005C81}
	EndGlobalSection
EndGlobal
